<?xml version="1.0" encoding="utf-8"?>
<Project ToolsVersion="4.0" xmlns="http://schemas.microsoft.com/developer/msbuild/2003">
  <ItemGroup>
    <Filter Include="Source Files">
      <UniqueIdentifier>{4FC737F1-C7A5-4376-A066-2A32D752A2FF}</UniqueIdentifier>
      <Extensions>cpp;c;cc;cxx;def;odl;idl;hpj;bat;asm;asmx</Extensions>
    </Filter>
    <Filter Include="Header Files">
      <UniqueIdentifier>{93995380-89BD-4b04-88EB-625FBE52EBFB}</UniqueIdentifier>
      <Extensions>h;hpp;hxx;hm;inl;inc;xsd</Extensions>
    </Filter>
    <Filter Include="Resource Files">
      <UniqueIdentifier>{67DA6AB6-F800-4c08-8B7A-83BB121AAD01}</UniqueIdentifier>
      <Extensions>rc;ico;cur;bmp;dlg;rc2;rct;bin;rgs;gif;jpg;jpeg;jpe;resx;tiff;tif;png;wav;mfcribbon-ms</Extensions>
    </Filter>
    <Filter Include="Header Files\Characters">
      <UniqueIdentifier>{25e5e243-2539-4c83-8162-1198335efd10}</UniqueIdentifier>
    </Filter>
    <Filter Include="Source Files\Characters">
      <UniqueIdentifier>{eb1592db-7e7f-4270-8ac8-0b5ae9093087}</UniqueIdentifier>
    </Filter>
    <Filter Include="Header Files\interface">
      <UniqueIdentifier>{f179253f-3a29-4728-a470-2e948f50fb1b}</UniqueIdentifier>
    </Filter>
    <Filter Include="Header Files\Animations">
      <UniqueIdentifier>{0ed5bb6e-d16f-43a5-a800-3aef38370c8c}</UniqueIdentifier>
    </Filter>
    <Filter Include="Source Files\Animations">
      <UniqueIdentifier>{5319e128-80f3-43a2-a054-b594a767632e}</UniqueIdentifier>
    </Filter>
    <Filter Include="Header Files\AnimationStateMachine">
      <UniqueIdentifier>{3265acb3-1b69-4da5-8457-34545c60c3d2}</UniqueIdentifier>
    </Filter>
    <Filter Include="Header Files\AnimationStateMachine\HigginsStates">
      <UniqueIdentifier>{b0d1f64f-a4af-4dc9-9f86-67542c6618ae}</UniqueIdentifier>
    </Filter>
    <Filter Include="Source Files\AnimationStateMachine">
      <UniqueIdentifier>{c79c7a8b-20a8-475a-90ed-2a22032dce79}</UniqueIdentifier>
    </Filter>
    <Filter Include="Source Files\AnimationStateMachine\higginsStates">
      <UniqueIdentifier>{d256771d-1ede-401b-a7b7-574c4ac27125}</UniqueIdentifier>
    </Filter>
  </ItemGroup>
  <ItemGroup>
    <ClCompile Include="main.cpp">
      <Filter>Source Files</Filter>
    </ClCompile>
    <ClCompile Include="Game.cpp">
      <Filter>Source Files</Filter>
    </ClCompile>
    <ClCompile Include="Higgins.cpp">
      <Filter>Source Files\Characters</Filter>
    </ClCompile>
    <ClCompile Include="InputHandler.cpp">
      <Filter>Source Files\Characters</Filter>
    </ClCompile>
    <ClCompile Include="Entity.cpp">
      <Filter>Source Files\Characters</Filter>
    </ClCompile>
    <ClCompile Include="Animation.cpp">
      <Filter>Source Files\Animations</Filter>
    </ClCompile>
    <ClCompile Include="AnimatedSprite.cpp">
      <Filter>Source Files\Animations</Filter>
    </ClCompile>
    <ClCompile Include="HigginsOwnedStates.cpp">
      <Filter>Source Files\AnimationStateMachine\higginsStates</Filter>
    </ClCompile>
  </ItemGroup>
  <ItemGroup>
    <ClInclude Include="Game.h">
      <Filter>Header Files</Filter>
    </ClInclude>
    <ClInclude Include="Higgins.h">
      <Filter>Header Files\Characters</Filter>
    </ClInclude>
    <ClInclude Include="Entity.h">
      <Filter>Header Files\Characters</Filter>
    </ClInclude>
    <ClInclude Include="IDrawable.h">
      <Filter>Header Files\interface</Filter>
    </ClInclude>
    <ClInclude Include="InputHandler.h">
      <Filter>Header Files\Characters</Filter>
    </ClInclude>
    <ClInclude Include="AnimatedSprite.h">
      <Filter>Header Files\Animations</Filter>
    </ClInclude>
    <ClInclude Include="Animation.h">
      <Filter>Header Files\Animations</Filter>
    </ClInclude>
    <ClInclude Include="State.h">
      <Filter>Header Files\AnimationStateMachine</Filter>
    </ClInclude>
    <ClInclude Include="AnimationStateMachine.h">
      <Filter>Header Files\AnimationStateMachine</Filter>
    </ClInclude>
    <ClInclude Include="HigginsOwnedStates.h">
      <Filter>Header Files\AnimationStateMachine\HigginsStates</Filter>
    </ClInclude>
  </ItemGroup>
</Project>